{
  "name": "proj9",
  "version": "1.0.0",
  "lockfileVersion": 1,
  "requires": true,
  "dependencies": {
    "frtavarescalc": {
      "version": "1.1.0",
      "resolved": "https://registry.npmjs.org/frtavarescalc/-/frtavarescalc-1.1.0.tgz",
      "integrity": "sha512-qeau4xy9SBsIUAr1NYcBn0wjIxw6YgikmY/ZIxSl54aT5SSDFX2JwX20QkoPItixWHSw5T1B5qmQ+zJXh4JS8Q=="
    }
  }
}
